PODS:
  - AMap3DMap (9.2.1):
    - AMapFoundation (~> 1.6.9)
  - amap_flutter_location (0.0.1):
    - AMapLocation
    - Flutter
  - amap_flutter_map (0.0.1):
    - AMap3DMap
    - Flutter
  - AMapFoundation (1.6.9)
  - AMapLocation (2.8.0):
    - AMapFoundation (~> 1.6.9)
  - audio_service (0.0.1):
    - Flutter
    - FlutterMacOS
  - audio_session (0.0.1):
    - Flutter
  - connectivity_plus (0.0.1):
    - Flutter
    - ReachabilitySwift
  - device_info_plus (0.0.1):
    - Flutter
  - Flutter (1.0.0)
  - flutter_mute (0.0.1):
    - Flutter
  - flutter_secure_storage (3.3.1):
    - Flutter
  - flutter_tts (0.0.1):
    - Flutter
  - fluttertoast (0.0.2):
    - Flutter
    - Toast
  - fluwx (0.0.1):
    - Flutter
    - "OpenWeChatSDK (~> 1.9.2+1)"
  - FMDB (2.7.5):
    - FMDB/standard (= 2.7.5)
  - FMDB/standard (2.7.5)
  - image_picker_ios (0.0.1):
    - Flutter
  - just_audio (0.0.1):
    - Flutter
    - FlutterMacOS
  - location (0.0.1):
    - Flutter
  - "OpenWeChatSDK (1.9.2+1)"
  - package_info_plus (0.4.5):
    - Flutter
  - path_provider_ios (0.0.1):
    - Flutter
  - permission_handler_apple (9.0.4):
    - Flutter
  - ReachabilitySwift (5.0.0)
  - sqflite (0.0.2):
    - Flutter
    - FMDB (>= 2.7.5)
  - Toast (4.0.0)
  - volume_controller (0.0.1):
    - Flutter

DEPENDENCIES:
  - amap_flutter_location (from `.symlinks/plugins/amap_flutter_location/ios`)
  - amap_flutter_map (from `.symlinks/plugins/amap_flutter_map/ios`)
  - audio_service (from `.symlinks/plugins/audio_service/darwin`)
  - audio_session (from `.symlinks/plugins/audio_session/ios`)
  - connectivity_plus (from `.symlinks/plugins/connectivity_plus/ios`)
  - device_info_plus (from `.symlinks/plugins/device_info_plus/ios`)
  - Flutter (from `Flutter`)
  - flutter_mute (from `.symlinks/plugins/flutter_mute/ios`)
  - flutter_secure_storage (from `.symlinks/plugins/flutter_secure_storage/ios`)
  - flutter_tts (from `.symlinks/plugins/flutter_tts/ios`)
  - fluttertoast (from `.symlinks/plugins/fluttertoast/ios`)
  - fluwx (from `.symlinks/plugins/fluwx/ios`)
  - image_picker_ios (from `.symlinks/plugins/image_picker_ios/ios`)
  - just_audio (from `.symlinks/plugins/just_audio/darwin`)
  - location (from `.symlinks/plugins/location/ios`)
  - package_info_plus (from `.symlinks/plugins/package_info_plus/ios`)
  - path_provider_ios (from `.symlinks/plugins/path_provider_ios/ios`)
  - permission_handler_apple (from `.symlinks/plugins/permission_handler_apple/ios`)
  - sqflite (from `.symlinks/plugins/sqflite/ios`)
  - volume_controller (from `.symlinks/plugins/volume_controller/ios`)

SPEC REPOS:
  https://gitee.com/mirrors/CocoaPods-Specs.git:
    - AMap3DMap
    - AMapFoundation
    - AMapLocation
    - FMDB
    - OpenWeChatSDK
    - ReachabilitySwift
    - Toast

EXTERNAL SOURCES:
  amap_flutter_location:
    :path: ".symlinks/plugins/amap_flutter_location/ios"
  amap_flutter_map:
    :path: ".symlinks/plugins/amap_flutter_map/ios"
  audio_service:
    :path: ".symlinks/plugins/audio_service/darwin"
  audio_session:
    :path: ".symlinks/plugins/audio_session/ios"
  connectivity_plus:
    :path: ".symlinks/plugins/connectivity_plus/ios"
  device_info_plus:
    :path: ".symlinks/plugins/device_info_plus/ios"
  Flutter:
    :path: Flutter
  flutter_mute:
    :path: ".symlinks/plugins/flutter_mute/ios"
  flutter_secure_storage:
    :path: ".symlinks/plugins/flutter_secure_storage/ios"
  flutter_tts:
    :path: ".symlinks/plugins/flutter_tts/ios"
  fluttertoast:
    :path: ".symlinks/plugins/fluttertoast/ios"
  fluwx:
    :path: ".symlinks/plugins/fluwx/ios"
  image_picker_ios:
    :path: ".symlinks/plugins/image_picker_ios/ios"
  just_audio:
    :path: ".symlinks/plugins/just_audio/darwin"
  location:
    :path: ".symlinks/plugins/location/ios"
  package_info_plus:
    :path: ".symlinks/plugins/package_info_plus/ios"
  path_provider_ios:
    :path: ".symlinks/plugins/path_provider_ios/ios"
  permission_handler_apple:
    :path: ".symlinks/plugins/permission_handler_apple/ios"
  sqflite:
    :path: ".symlinks/plugins/sqflite/ios"
  volume_controller:
    :path: ".symlinks/plugins/volume_controller/ios"

SPEC CHECKSUMS:
  AMap3DMap: 0de590972bfbe2852fe63109bc11b485d7d848fa
  amap_flutter_location: f033c983c2d4319203ff7b523775579534d0d557
  amap_flutter_map: 6cde084007a3ed06235383d46bc73c6c9a80c1e6
  AMapFoundation: 8d8ecbb0b2e9ce5487995360d26c885d94642bfd
  AMapLocation: 5ef44a1117be7dc541cb7a7d43d03c5ee91e4387
  audio_service: aa99a6ba2ae7565996015322b0bb024e1d25c6fd
  audio_session: 9bb7f6c970f21241b19f5a3658097ae459681ba0
  connectivity_plus: 8443422d4c5a53dee0d50779ec5dbcda1071251e
  device_info_plus: d668d0dcad87727e865495c472b911b15d7ee26a
  Flutter: e0871f40cf51350855a761d2e70bf5af5b9b5de7
  flutter_mute: 26eba7335f7fc025e15ca94c57f5acd769bd2420
  flutter_secure_storage: 50035aef357c5a8bdd67fd6bc81370d46efc4d16
  flutter_tts: b88dbc8655d3dc961bc4a796e4e16a4cc1795833
  fluttertoast: 61c4d04b244937570e728fcd5f541ddc8b58d01c
  fluwx: 57b294de07eb122b0fc4ae72060a55346d663818
  FMDB: 2ce00b547f966261cd18927a3ddb07cb6f3db82a
  image_picker_ios: 05df248afc810dcc125e2174c441a9a379ec65c2
  just_audio: 4e391f57b79cad2b0674030a00453ca5ce817eed
  location: 270786085f436c3740dcfa807d11b8b5a70f4425
  OpenWeChatSDK: 67375e7d4154c22f7ba6b1c334b121473e7d515c
  package_info_plus: ae4a63389b62b5be8544b36bfc5b069617938813
  path_provider_ios: 025d0bdaa9f9ab016700ac1e07ff63415cf638e9
  permission_handler_apple: 08f8206adee3b28ea33966c224b7228eabaaf6a9
  ReachabilitySwift: 985039c6f7b23a1da463388634119492ff86c825
  sqflite: 954affaf2567c73cda074440299a625e3b2cbf8a
  Toast: 91b396c56ee72a5790816f40d3a94dd357abc196
  volume_controller: ca1cde542ee70fad77d388f82e9616488110942b

PODFILE CHECKSUM: 7c51a14664d626c31e3977794ecb0da0e574a6ba

COCOAPODS: 1.16.2
